
Microsoft Visual Studio Solution File, Format Version 12.00
# Visual Studio 15
VisualStudioVersion = 15.0.28307.329
MinimumVisualStudioVersion = 10.0.40219.1
Project("{FAE04EC0-301F-11D3-BF4B-00C04F79EFBC}") = "Biblioteca", "Biblioteca\Biblioteca.csproj", "{3603B7B2-4341-495E-9758-B8A56326A9BF}"
EndProject
Global
	GlobalSection(SolutionConfigurationPlatforms) = preSolution
		Debug|Any CPU = Debug|Any CPU
		Release|Any CPU = Release|Any CPU
	EndGlobalSection
	GlobalSection(ProjectConfigurationPlatforms) = postSolution
		{3603B7B2-4341-495E-9758-B8A56326A9BF}.Debug|Any CPU.ActiveCfg = Debug|Any CPU
		{3603B7B2-4341-495E-9758-B8A56326A9BF}.Debug|Any CPU.Build.0 = Debug|Any CPU
		{3603B7B2-4341-495E-9758-B8A56326A9BF}.Release|Any CPU.ActiveCfg = Release|Any CPU
		{3603B7B2-4341-495E-9758-B8A56326A9BF}.Release|Any CPU.Build.0 = Release|Any CPU
	EndGlobalSection
	GlobalSection(SolutionProperties) = preSolution
		HideSolutionNode = FALSE
	EndGlobalSection
	GlobalSection(ExtensibilityGlobals) = postSolution
		SolutionGuid = {4CE94B45-EA70-416D-A16E-C8016AE87B4F}
	EndGlobalSection
EndGlobal
